{
  "name": "themes",
  "lockfileVersion": 3,
  "requires": true,
  "packages": {
    "": {
      "dependencies": {
        "@mitsuharu/vivliostyle-theme-noto-sans-jp": "^0.1.3",
        "@vivliostyle/theme-academic": "^1.0.1",
        "@vivliostyle/theme-techbook": "^1.0.1"
      }
    },
    "node_modules/@mitsuharu/vivliostyle-theme-noto-sans-jp": {
      "version": "0.1.3",
      "resolved": "https://registry.npmjs.org/@mitsuharu/vivliostyle-theme-noto-sans-jp/-/vivliostyle-theme-noto-sans-jp-0.1.3.tgz",
      "integrity": "sha512-GahM1GLdZBIuuVh3R/wWhcReYr82yzaWN/r9XEY00JTPaaco1VN7RuyCbr43bUzzZ9oISaypR3oNBRGT+KFrvg==",
      "dependencies": {
        "@vivliostyle/theme-base": "latest"
      },
      "peerDependencies": {
        "@vivliostyle/cli": ">=8.16.0"
      },
      "peerDependenciesMeta": {
        "@vivliostyle/cli": {
          "optional": true
        }
      }
    },
    "node_modules/@vivliostyle/theme-academic": {
      "version": "1.0.1",
      "resolved": "https://registry.npmjs.org/@vivliostyle/theme-academic/-/theme-academic-1.0.1.tgz",
      "integrity": "sha512-VlsCPkfdaJAT0SHyzE6bjK30eYRRepnVGM2siFfEcbZ7yc6rLoIeGRsQDD56eCce01T0orAyqOQRAwtPNJc5ew==",
      "dependencies": {
        "@vivliostyle/theme-base": "^1.0.1"
      },
      "peerDependencies": {
        "@vivliostyle/cli": ">=7"
      },
      "peerDependenciesMeta": {
        "@vivliostyle/cli": {
          "optional": true
        }
      }
    },
    "node_modules/@vivliostyle/theme-base": {
      "version": "1.0.1",
      "resolved": "https://registry.npmjs.org/@vivliostyle/theme-base/-/theme-base-1.0.1.tgz",
      "integrity": "sha512-N5Fa6j6gQFzIvk8uqhwGyRfz/IBzuJRCWq9s0CDN1XB0tr2K2S+E268emoiXdXxRe70enBOR53dADEdEP1Y4JA==",
      "peerDependencies": {
        "@vivliostyle/cli": ">=7"
      },
      "peerDependenciesMeta": {
        "@vivliostyle/cli": {
          "optional": true
        }
      }
    },
    "node_modules/@vivliostyle/theme-techbook": {
      "version": "1.0.1",
      "resolved": "https://registry.npmjs.org/@vivliostyle/theme-techbook/-/theme-techbook-1.0.1.tgz",
      "integrity": "sha512-u3zaJV5eDgGjl6PJWfZaM1TlFKLksFLTJxic0WTWWYTr1MoDdxfTBAU5THLqJdeYurumg6WiLCNvvuVmL2fbZw==",
      "dependencies": {
        "@vivliostyle/theme-base": "^1.0.1"
      },
      "peerDependencies": {
        "@vivliostyle/cli": ">=7"
      },
      "peerDependenciesMeta": {
        "@vivliostyle/cli": {
          "optional": true
        }
      }
    }
  }
}
